# This file is automatically @generated by Cargo.
# It is not intended for manual editing.
version = 4

[[package]]
name = "bin-a"
version = "0.1.0"
dependencies = [
 "shared-lib",
]

[[package]]
name = "bin-b"
version = "0.1.0"
dependencies = [
 "shared-lib",
]

[[package]]
name = "shared-lib"
version = "0.1.0"
